
Microsoft Visual Studio Solution File, Format Version 12.00
# Visual Studio Version 17
VisualStudioVersion = 17.4.33213.308
MinimumVisualStudioVersion = 10.0.40219.1
Project("{FAE04EC0-301F-11D3-BF4B-00C04F79EFBC}") = "NumericLibrary", "NumericLibrary\NumericLibrary.csproj", "{670ECA96-AC29-4925-B646-36E75E83A83F}"
EndProject
Project("{FAE04EC0-301F-11D3-BF4B-00C04F79EFBC}") = "NumericLibrary.Test", "NumericLibrary.Test\NumericLibrary.Test.csproj", "{274E52A0-5233-47E6-B240-533B6579E13A}"
EndProject
Global
	GlobalSection(SolutionConfigurationPlatforms) = preSolution
		Debug|Any CPU = Debug|Any CPU
		Release|Any CPU = Release|Any CPU
	EndGlobalSection
	GlobalSection(ProjectConfigurationPlatforms) = postSolution
		{670ECA96-AC29-4925-B646-36E75E83A83F}.Debug|Any CPU.ActiveCfg = Debug|Any CPU
		{670ECA96-AC29-4925-B646-36E75E83A83F}.Debug|Any CPU.Build.0 = Debug|Any CPU
		{670ECA96-AC29-4925-B646-36E75E83A83F}.Release|Any CPU.ActiveCfg = Release|Any CPU
		{670ECA96-AC29-4925-B646-36E75E83A83F}.Release|Any CPU.Build.0 = Release|Any CPU
		{274E52A0-5233-47E6-B240-533B6579E13A}.Debug|Any CPU.ActiveCfg = Debug|Any CPU
		{274E52A0-5233-47E6-B240-533B6579E13A}.Debug|Any CPU.Build.0 = Debug|Any CPU
		{274E52A0-5233-47E6-B240-533B6579E13A}.Release|Any CPU.ActiveCfg = Release|Any CPU
		{274E52A0-5233-47E6-B240-533B6579E13A}.Release|Any CPU.Build.0 = Release|Any CPU
	EndGlobalSection
	GlobalSection(SolutionProperties) = preSolution
		HideSolutionNode = FALSE
	EndGlobalSection
	GlobalSection(ExtensibilityGlobals) = postSolution
		SolutionGuid = {1927C681-783A-423C-BC15-CA37BD58280A}
	EndGlobalSection
EndGlobal
